{
  "pins" : [
    {
      "identity" : "swiftfp",
      "kind" : "remoteSourceControl",
      "location" : "https://github.com/ShapovalovIlya/SwiftFP.git",
      "state" : {
        "branch" : "main",
        "revision" : "3d09e090754d80a37e671ffcf27f66f83e9db7d7"
      }
    },
    {
      "identity" : "swiftudf",
      "kind" : "remoteSourceControl",
      "location" : "https://github.com/ShapovalovIlya/SwiftUDF.git",
      "state" : {
        "branch" : "main",
        "revision" : "d9698cbb09eb2edfb8d92f3550c66fa03953e5c5"
      }
    }
  ],
  "version" : 2
}
