{
  "pins" : [
    {
      "identity" : "swiftfp",
      "kind" : "remoteSourceControl",
      "location" : "https://github.com/ShapovalovIlya/SwiftFP.git",
      "state" : {
        "branch" : "main",
        "revision" : "3d09e090754d80a37e671ffcf27f66f83e9db7d7"
      }
    },
    {
      "identity" : "swiftudf",
      "kind" : "remoteSourceControl",
      "location" : "https://github.com/ShapovalovIlya/SwiftUDF.git",
      "state" : {
        "branch" : "main",
        "revision" : "1abf00771c6c86efba9cdec4a607c0a96a86920a"
      }
    }
  ],
  "version" : 2
}
